
Microsoft Visual Studio Solution File, Format Version 12.00
# Visual Studio Version 17
VisualStudioVersion = 17.5.002.0
MinimumVisualStudioVersion = 10.0.40219.1
Project("{2150E333-8FDC-42A3-9474-1A3956D46DE8}") = "src", "src", "{98BDCE44-1C3D-4946-AAEA-587CA0C6EA06}"
EndProject
Project("{9A19103F-16F7-4668-BE54-9A1E7A4F7556}") = "ApiGateway", "src\ApiGateway\ApiGateway.csproj", "{A0AFED36-6806-4F62-9D68-292961700787}"
EndProject
Project("{2150E333-8FDC-42A3-9474-1A3956D46DE8}") = "Microservices", "Microservices", "{EC98C936-5A1C-43A2-9FDC-541FA4F00281}"
EndProject
Project("{9A19103F-16F7-4668-BE54-9A1E7A4F7556}") = "GameShop.Common", "src\Microservices\GameShop.Common\GameShop.Common.csproj", "{C4473C16-0D05-40C4-906D-CF3EFAA3F462}"
EndProject
Project("{2150E333-8FDC-42A3-9474-1A3956D46DE8}") = "GameShop.Cart", "GameShop.Cart", "{760B261F-6F41-490B-A6B9-477758E629E7}"
EndProject
Project("{9A19103F-16F7-4668-BE54-9A1E7A4F7556}") = "GameShop.Cart.Contract", "src\Microservices\GameShop.Cart\GameShop.Cart.Contract\GameShop.Cart.Contract.csproj", "{F912BB9E-F959-47DD-AD11-9A6321979609}"
EndProject
Project("{9A19103F-16F7-4668-BE54-9A1E7A4F7556}") = "GameShop.Cart.Service", "src\Microservices\GameShop.Cart\GameShop.Cart.Service\GameShop.Cart.Service.csproj", "{F1C2705C-A18C-4B26-9C43-139721190850}"
EndProject
Project("{2150E333-8FDC-42A3-9474-1A3956D46DE8}") = "GameShop.Catalog", "GameShop.Catalog", "{1368022C-9B77-4E70-A1BF-BA0D91E1C72D}"
EndProject
Project("{9A19103F-16F7-4668-BE54-9A1E7A4F7556}") = "GameShop.Catalog.Contract", "src\Microservices\GameShop.Catalog\GameShop.Catalog.Contract\GameShop.Catalog.Contract.csproj", "{BBAAABD7-EA38-406A-97ED-BD014145C49D}"
EndProject
Project("{9A19103F-16F7-4668-BE54-9A1E7A4F7556}") = "GameShop.Catalog.Service", "src\Microservices\GameShop.Catalog\GameShop.Catalog.Service\GameShop.Catalog.Service.csproj", "{E3077306-ECB6-4817-B3E8-42175C28D186}"
EndProject
Project("{2150E333-8FDC-42A3-9474-1A3956D46DE8}") = "GameShop.Order", "GameShop.Order", "{CF31F87D-9209-4F73-8267-4BD28532294B}"
EndProject
Project("{9A19103F-16F7-4668-BE54-9A1E7A4F7556}") = "GameShop.Order.Contract", "src\Microservices\GameShop.Order\GameShop.Order.Contract\GameShop.Order.Contract.csproj", "{78D45C52-0AB3-416E-9B6B-90A2BB40640A}"
EndProject
Project("{9A19103F-16F7-4668-BE54-9A1E7A4F7556}") = "GameShop.Order.Service", "src\Microservices\GameShop.Order\GameShop.Order.Service\GameShop.Order.Service.csproj", "{1AC5D00C-123C-46E8-B0A7-C438813ECFBA}"
EndProject
Project("{2150E333-8FDC-42A3-9474-1A3956D46DE8}") = "GameShop.User", "GameShop.User", "{7FC065FD-611E-4425-91DF-90347C248147}"
EndProject
Project("{9A19103F-16F7-4668-BE54-9A1E7A4F7556}") = "GameShop.User.Contract", "src\Microservices\GameShop.User\GameShop.User.Contract\GameShop.User.Contract.csproj", "{1C150C22-6E34-4E0B-8B5C-8F9A01FD6503}"
EndProject
Project("{9A19103F-16F7-4668-BE54-9A1E7A4F7556}") = "GameShop.User.Service", "src\Microservices\GameShop.User\GameShop.User.Service\GameShop.User.Service.csproj", "{00602181-C38E-4E36-BF9E-E50946A2EF14}"
EndProject
Global
	GlobalSection(SolutionConfigurationPlatforms) = preSolution
		Debug|Any CPU = Debug|Any CPU
		Release|Any CPU = Release|Any CPU
	EndGlobalSection
	GlobalSection(ProjectConfigurationPlatforms) = postSolution
		{A0AFED36-6806-4F62-9D68-292961700787}.Debug|Any CPU.ActiveCfg = Debug|Any CPU
		{A0AFED36-6806-4F62-9D68-292961700787}.Debug|Any CPU.Build.0 = Debug|Any CPU
		{A0AFED36-6806-4F62-9D68-292961700787}.Release|Any CPU.ActiveCfg = Release|Any CPU
		{A0AFED36-6806-4F62-9D68-292961700787}.Release|Any CPU.Build.0 = Release|Any CPU
		{C4473C16-0D05-40C4-906D-CF3EFAA3F462}.Debug|Any CPU.ActiveCfg = Debug|Any CPU
		{C4473C16-0D05-40C4-906D-CF3EFAA3F462}.Debug|Any CPU.Build.0 = Debug|Any CPU
		{C4473C16-0D05-40C4-906D-CF3EFAA3F462}.Release|Any CPU.ActiveCfg = Release|Any CPU
		{C4473C16-0D05-40C4-906D-CF3EFAA3F462}.Release|Any CPU.Build.0 = Release|Any CPU
		{F912BB9E-F959-47DD-AD11-9A6321979609}.Debug|Any CPU.ActiveCfg = Debug|Any CPU
		{F912BB9E-F959-47DD-AD11-9A6321979609}.Debug|Any CPU.Build.0 = Debug|Any CPU
		{F912BB9E-F959-47DD-AD11-9A6321979609}.Release|Any CPU.ActiveCfg = Release|Any CPU
		{F912BB9E-F959-47DD-AD11-9A6321979609}.Release|Any CPU.Build.0 = Release|Any CPU
		{F1C2705C-A18C-4B26-9C43-139721190850}.Debug|Any CPU.ActiveCfg = Debug|Any CPU
		{F1C2705C-A18C-4B26-9C43-139721190850}.Debug|Any CPU.Build.0 = Debug|Any CPU
		{F1C2705C-A18C-4B26-9C43-139721190850}.Release|Any CPU.ActiveCfg = Release|Any CPU
		{F1C2705C-A18C-4B26-9C43-139721190850}.Release|Any CPU.Build.0 = Release|Any CPU
		{BBAAABD7-EA38-406A-97ED-BD014145C49D}.Debug|Any CPU.ActiveCfg = Debug|Any CPU
		{BBAAABD7-EA38-406A-97ED-BD014145C49D}.Debug|Any CPU.Build.0 = Debug|Any CPU
		{BBAAABD7-EA38-406A-97ED-BD014145C49D}.Release|Any CPU.ActiveCfg = Release|Any CPU
		{BBAAABD7-EA38-406A-97ED-BD014145C49D}.Release|Any CPU.Build.0 = Release|Any CPU
		{E3077306-ECB6-4817-B3E8-42175C28D186}.Debug|Any CPU.ActiveCfg = Debug|Any CPU
		{E3077306-ECB6-4817-B3E8-42175C28D186}.Debug|Any CPU.Build.0 = Debug|Any CPU
		{E3077306-ECB6-4817-B3E8-42175C28D186}.Release|Any CPU.ActiveCfg = Release|Any CPU
		{E3077306-ECB6-4817-B3E8-42175C28D186}.Release|Any CPU.Build.0 = Release|Any CPU
		{78D45C52-0AB3-416E-9B6B-90A2BB40640A}.Debug|Any CPU.ActiveCfg = Debug|Any CPU
		{78D45C52-0AB3-416E-9B6B-90A2BB40640A}.Debug|Any CPU.Build.0 = Debug|Any CPU
		{78D45C52-0AB3-416E-9B6B-90A2BB40640A}.Release|Any CPU.ActiveCfg = Release|Any CPU
		{78D45C52-0AB3-416E-9B6B-90A2BB40640A}.Release|Any CPU.Build.0 = Release|Any CPU
		{1AC5D00C-123C-46E8-B0A7-C438813ECFBA}.Debug|Any CPU.ActiveCfg = Debug|Any CPU
		{1AC5D00C-123C-46E8-B0A7-C438813ECFBA}.Debug|Any CPU.Build.0 = Debug|Any CPU
		{1AC5D00C-123C-46E8-B0A7-C438813ECFBA}.Release|Any CPU.ActiveCfg = Release|Any CPU
		{1AC5D00C-123C-46E8-B0A7-C438813ECFBA}.Release|Any CPU.Build.0 = Release|Any CPU
		{1C150C22-6E34-4E0B-8B5C-8F9A01FD6503}.Debug|Any CPU.ActiveCfg = Debug|Any CPU
		{1C150C22-6E34-4E0B-8B5C-8F9A01FD6503}.Debug|Any CPU.Build.0 = Debug|Any CPU
		{1C150C22-6E34-4E0B-8B5C-8F9A01FD6503}.Release|Any CPU.ActiveCfg = Release|Any CPU
		{1C150C22-6E34-4E0B-8B5C-8F9A01FD6503}.Release|Any CPU.Build.0 = Release|Any CPU
		{00602181-C38E-4E36-BF9E-E50946A2EF14}.Debug|Any CPU.ActiveCfg = Debug|Any CPU
		{00602181-C38E-4E36-BF9E-E50946A2EF14}.Debug|Any CPU.Build.0 = Debug|Any CPU
		{00602181-C38E-4E36-BF9E-E50946A2EF14}.Release|Any CPU.ActiveCfg = Release|Any CPU
		{00602181-C38E-4E36-BF9E-E50946A2EF14}.Release|Any CPU.Build.0 = Release|Any CPU
	EndGlobalSection
	GlobalSection(SolutionProperties) = preSolution
		HideSolutionNode = FALSE
	EndGlobalSection
	GlobalSection(NestedProjects) = preSolution
		{A0AFED36-6806-4F62-9D68-292961700787} = {98BDCE44-1C3D-4946-AAEA-587CA0C6EA06}
		{EC98C936-5A1C-43A2-9FDC-541FA4F00281} = {98BDCE44-1C3D-4946-AAEA-587CA0C6EA06}
		{C4473C16-0D05-40C4-906D-CF3EFAA3F462} = {EC98C936-5A1C-43A2-9FDC-541FA4F00281}
		{760B261F-6F41-490B-A6B9-477758E629E7} = {EC98C936-5A1C-43A2-9FDC-541FA4F00281}
		{F912BB9E-F959-47DD-AD11-9A6321979609} = {760B261F-6F41-490B-A6B9-477758E629E7}
		{F1C2705C-A18C-4B26-9C43-139721190850} = {760B261F-6F41-490B-A6B9-477758E629E7}
		{1368022C-9B77-4E70-A1BF-BA0D91E1C72D} = {EC98C936-5A1C-43A2-9FDC-541FA4F00281}
		{BBAAABD7-EA38-406A-97ED-BD014145C49D} = {1368022C-9B77-4E70-A1BF-BA0D91E1C72D}
		{E3077306-ECB6-4817-B3E8-42175C28D186} = {1368022C-9B77-4E70-A1BF-BA0D91E1C72D}
		{CF31F87D-9209-4F73-8267-4BD28532294B} = {EC98C936-5A1C-43A2-9FDC-541FA4F00281}
		{78D45C52-0AB3-416E-9B6B-90A2BB40640A} = {CF31F87D-9209-4F73-8267-4BD28532294B}
		{1AC5D00C-123C-46E8-B0A7-C438813ECFBA} = {CF31F87D-9209-4F73-8267-4BD28532294B}
		{7FC065FD-611E-4425-91DF-90347C248147} = {EC98C936-5A1C-43A2-9FDC-541FA4F00281}
		{1C150C22-6E34-4E0B-8B5C-8F9A01FD6503} = {7FC065FD-611E-4425-91DF-90347C248147}
		{00602181-C38E-4E36-BF9E-E50946A2EF14} = {7FC065FD-611E-4425-91DF-90347C248147}
	EndGlobalSection
	GlobalSection(ExtensibilityGlobals) = postSolution
		SolutionGuid = {C119DDC2-1EB0-4010-B3E8-0BC0D5B1895D}
	EndGlobalSection
EndGlobal
