
Microsoft Visual Studio Solution File, Format Version 12.00
# Visual Studio Version 17
VisualStudioVersion = 17.0.31903.59
MinimumVisualStudioVersion = 10.0.40219.1
Project("{2150E333-8FDC-42A3-9474-1A3956D46DE8}") = "src", "src", "{883F8849-340A-46BC-B9AD-A9FEF5BC7E5E}"
EndProject
Project("{FAE04EC0-301F-11D3-BF4B-00C04F79EFBC}") = "ApiGateway", "src\ApiGateway\ApiGateway.csproj", "{E725CF43-346C-41B3-9ABD-EE297EBFB041}"
EndProject
Project("{2150E333-8FDC-42A3-9474-1A3956D46DE8}") = "Microservices", "Microservices", "{81C66F3D-8226-4709-8553-24A831D34E05}"
EndProject
Project("{2150E333-8FDC-42A3-9474-1A3956D46DE8}") = "GameShop.Catalog", "GameShop.Catalog", "{463DF7B7-6145-4805-8ABF-A1B2DE9D9356}"
EndProject
Project("{FAE04EC0-301F-11D3-BF4B-00C04F79EFBC}") = "GameShop.Catalog.Service", "src\Microservices\GameShop.Catalog\GameShop.Catalog.Service\GameShop.Catalog.Service.csproj", "{D6929180-10F9-4E3A-861D-BA1EFF735D5B}"
EndProject
Project("{FAE04EC0-301F-11D3-BF4B-00C04F79EFBC}") = "GameShop.Catalog.Contract", "src\Microservices\GameShop.Catalog\GameShop.Catalog.Contract\GameShop.Catalog.Contract.csproj", "{C655EBDC-474A-49FB-A0B3-7D14BFE9EA97}"
EndProject
Project("{2150E333-8FDC-42A3-9474-1A3956D46DE8}") = "GameShop.Cart", "GameShop.Cart", "{D5EBD428-15A7-437A-A14E-15632D80D17D}"
EndProject
Project("{FAE04EC0-301F-11D3-BF4B-00C04F79EFBC}") = "GameShop.Cart.Service", "src\Microservices\GameShop.Cart\GameShop.Cart.Service\GameShop.Cart.Service.csproj", "{6B1E4C63-E3AF-455C-AFDD-3BB3B1F7825D}"
EndProject
Project("{FAE04EC0-301F-11D3-BF4B-00C04F79EFBC}") = "GameShop.Cart.Contract", "src\Microservices\GameShop.Cart\GameShop.Cart.Contract\GameShop.Cart.Contract.csproj", "{EB21EFA7-F53C-4639-8C18-68623E40EED0}"
EndProject
Project("{FAE04EC0-301F-11D3-BF4B-00C04F79EFBC}") = "GameShop.Common", "src\Microservices\GameShop.Common\GameShop.Common.csproj", "{06E23A7D-CE24-41A1-931E-C2EAB410B005}"
EndProject
Project("{2150E333-8FDC-42A3-9474-1A3956D46DE8}") = "GameShop.Order", "GameShop.Order", "{1725A4E3-5A3A-4B73-AC66-E4A8477ECE8A}"
EndProject
Project("{FAE04EC0-301F-11D3-BF4B-00C04F79EFBC}") = "GameShop.Order.Contract", "src\Microservices\GameShop.Order\GameShop.Order.Contract\GameShop.Order.Contract.csproj", "{058809FA-C323-4F29-9CFA-6CD3658A6D5D}"
EndProject
Project("{FAE04EC0-301F-11D3-BF4B-00C04F79EFBC}") = "GameShop.Order.Service", "src\Microservices\GameShop.Order\GameShop.Order.Service\GameShop.Order.Service.csproj", "{9405B345-7485-47C6-88DB-F46C82B50909}"
EndProject
Project("{2150E333-8FDC-42A3-9474-1A3956D46DE8}") = "GameShop.User", "GameShop.User", "{74D7D76B-6940-4C85-A3AB-9505FE3B895E}"
EndProject
Project("{FAE04EC0-301F-11D3-BF4B-00C04F79EFBC}") = "GameShop.User.Contract", "src\Microservices\GameShop.User\GameShop.User.Contract\GameShop.User.Contract.csproj", "{892299AE-EED3-4C5A-B004-3E246EC8CB8C}"
EndProject
Project("{FAE04EC0-301F-11D3-BF4B-00C04F79EFBC}") = "GameShop.User.Service", "src\Microservices\GameShop.User\GameShop.User.Service\GameShop.User.Service.csproj", "{76D19490-E6A4-4971-825B-E6D4026AB4A0}"
EndProject
Global
	GlobalSection(SolutionProperties) = preSolution
		HideSolutionNode = FALSE
	EndGlobalSection
	GlobalSection(SolutionConfigurationPlatforms) = preSolution
		Debug|Any CPU = Debug|Any CPU
		Debug|x64 = Debug|x64
		Debug|x86 = Debug|x86
		Release|Any CPU = Release|Any CPU
		Release|x64 = Release|x64
		Release|x86 = Release|x86
	EndGlobalSection
	GlobalSection(ProjectConfigurationPlatforms) = postSolution
		{E725CF43-346C-41B3-9ABD-EE297EBFB041}.Debug|Any CPU.ActiveCfg = Debug|Any CPU
		{E725CF43-346C-41B3-9ABD-EE297EBFB041}.Debug|Any CPU.Build.0 = Debug|Any CPU
		{E725CF43-346C-41B3-9ABD-EE297EBFB041}.Debug|x64.ActiveCfg = Debug|Any CPU
		{E725CF43-346C-41B3-9ABD-EE297EBFB041}.Debug|x64.Build.0 = Debug|Any CPU
		{E725CF43-346C-41B3-9ABD-EE297EBFB041}.Debug|x86.ActiveCfg = Debug|Any CPU
		{E725CF43-346C-41B3-9ABD-EE297EBFB041}.Debug|x86.Build.0 = Debug|Any CPU
		{E725CF43-346C-41B3-9ABD-EE297EBFB041}.Release|Any CPU.ActiveCfg = Release|Any CPU
		{E725CF43-346C-41B3-9ABD-EE297EBFB041}.Release|Any CPU.Build.0 = Release|Any CPU
		{E725CF43-346C-41B3-9ABD-EE297EBFB041}.Release|x64.ActiveCfg = Release|Any CPU
		{E725CF43-346C-41B3-9ABD-EE297EBFB041}.Release|x64.Build.0 = Release|Any CPU
		{E725CF43-346C-41B3-9ABD-EE297EBFB041}.Release|x86.ActiveCfg = Release|Any CPU
		{E725CF43-346C-41B3-9ABD-EE297EBFB041}.Release|x86.Build.0 = Release|Any CPU
		{D6929180-10F9-4E3A-861D-BA1EFF735D5B}.Debug|Any CPU.ActiveCfg = Debug|Any CPU
		{D6929180-10F9-4E3A-861D-BA1EFF735D5B}.Debug|Any CPU.Build.0 = Debug|Any CPU
		{D6929180-10F9-4E3A-861D-BA1EFF735D5B}.Debug|x64.ActiveCfg = Debug|Any CPU
		{D6929180-10F9-4E3A-861D-BA1EFF735D5B}.Debug|x64.Build.0 = Debug|Any CPU
		{D6929180-10F9-4E3A-861D-BA1EFF735D5B}.Debug|x86.ActiveCfg = Debug|Any CPU
		{D6929180-10F9-4E3A-861D-BA1EFF735D5B}.Debug|x86.Build.0 = Debug|Any CPU
		{D6929180-10F9-4E3A-861D-BA1EFF735D5B}.Release|Any CPU.ActiveCfg = Release|Any CPU
		{D6929180-10F9-4E3A-861D-BA1EFF735D5B}.Release|Any CPU.Build.0 = Release|Any CPU
		{D6929180-10F9-4E3A-861D-BA1EFF735D5B}.Release|x64.ActiveCfg = Release|Any CPU
		{D6929180-10F9-4E3A-861D-BA1EFF735D5B}.Release|x64.Build.0 = Release|Any CPU
		{D6929180-10F9-4E3A-861D-BA1EFF735D5B}.Release|x86.ActiveCfg = Release|Any CPU
		{D6929180-10F9-4E3A-861D-BA1EFF735D5B}.Release|x86.Build.0 = Release|Any CPU
		{C655EBDC-474A-49FB-A0B3-7D14BFE9EA97}.Debug|Any CPU.ActiveCfg = Debug|Any CPU
		{C655EBDC-474A-49FB-A0B3-7D14BFE9EA97}.Debug|Any CPU.Build.0 = Debug|Any CPU
		{C655EBDC-474A-49FB-A0B3-7D14BFE9EA97}.Debug|x64.ActiveCfg = Debug|Any CPU
		{C655EBDC-474A-49FB-A0B3-7D14BFE9EA97}.Debug|x64.Build.0 = Debug|Any CPU
		{C655EBDC-474A-49FB-A0B3-7D14BFE9EA97}.Debug|x86.ActiveCfg = Debug|Any CPU
		{C655EBDC-474A-49FB-A0B3-7D14BFE9EA97}.Debug|x86.Build.0 = Debug|Any CPU
		{C655EBDC-474A-49FB-A0B3-7D14BFE9EA97}.Release|Any CPU.ActiveCfg = Release|Any CPU
		{C655EBDC-474A-49FB-A0B3-7D14BFE9EA97}.Release|Any CPU.Build.0 = Release|Any CPU
		{C655EBDC-474A-49FB-A0B3-7D14BFE9EA97}.Release|x64.ActiveCfg = Release|Any CPU
		{C655EBDC-474A-49FB-A0B3-7D14BFE9EA97}.Release|x64.Build.0 = Release|Any CPU
		{C655EBDC-474A-49FB-A0B3-7D14BFE9EA97}.Release|x86.ActiveCfg = Release|Any CPU
		{C655EBDC-474A-49FB-A0B3-7D14BFE9EA97}.Release|x86.Build.0 = Release|Any CPU
		{6B1E4C63-E3AF-455C-AFDD-3BB3B1F7825D}.Debug|Any CPU.ActiveCfg = Debug|Any CPU
		{6B1E4C63-E3AF-455C-AFDD-3BB3B1F7825D}.Debug|Any CPU.Build.0 = Debug|Any CPU
		{6B1E4C63-E3AF-455C-AFDD-3BB3B1F7825D}.Debug|x64.ActiveCfg = Debug|Any CPU
		{6B1E4C63-E3AF-455C-AFDD-3BB3B1F7825D}.Debug|x64.Build.0 = Debug|Any CPU
		{6B1E4C63-E3AF-455C-AFDD-3BB3B1F7825D}.Debug|x86.ActiveCfg = Debug|Any CPU
		{6B1E4C63-E3AF-455C-AFDD-3BB3B1F7825D}.Debug|x86.Build.0 = Debug|Any CPU
		{6B1E4C63-E3AF-455C-AFDD-3BB3B1F7825D}.Release|Any CPU.ActiveCfg = Release|Any CPU
		{6B1E4C63-E3AF-455C-AFDD-3BB3B1F7825D}.Release|Any CPU.Build.0 = Release|Any CPU
		{6B1E4C63-E3AF-455C-AFDD-3BB3B1F7825D}.Release|x64.ActiveCfg = Release|Any CPU
		{6B1E4C63-E3AF-455C-AFDD-3BB3B1F7825D}.Release|x64.Build.0 = Release|Any CPU
		{6B1E4C63-E3AF-455C-AFDD-3BB3B1F7825D}.Release|x86.ActiveCfg = Release|Any CPU
		{6B1E4C63-E3AF-455C-AFDD-3BB3B1F7825D}.Release|x86.Build.0 = Release|Any CPU
		{EB21EFA7-F53C-4639-8C18-68623E40EED0}.Debug|Any CPU.ActiveCfg = Debug|Any CPU
		{EB21EFA7-F53C-4639-8C18-68623E40EED0}.Debug|Any CPU.Build.0 = Debug|Any CPU
		{EB21EFA7-F53C-4639-8C18-68623E40EED0}.Debug|x64.ActiveCfg = Debug|Any CPU
		{EB21EFA7-F53C-4639-8C18-68623E40EED0}.Debug|x64.Build.0 = Debug|Any CPU
		{EB21EFA7-F53C-4639-8C18-68623E40EED0}.Debug|x86.ActiveCfg = Debug|Any CPU
		{EB21EFA7-F53C-4639-8C18-68623E40EED0}.Debug|x86.Build.0 = Debug|Any CPU
		{EB21EFA7-F53C-4639-8C18-68623E40EED0}.Release|Any CPU.ActiveCfg = Release|Any CPU
		{EB21EFA7-F53C-4639-8C18-68623E40EED0}.Release|Any CPU.Build.0 = Release|Any CPU
		{EB21EFA7-F53C-4639-8C18-68623E40EED0}.Release|x64.ActiveCfg = Release|Any CPU
		{EB21EFA7-F53C-4639-8C18-68623E40EED0}.Release|x64.Build.0 = Release|Any CPU
		{EB21EFA7-F53C-4639-8C18-68623E40EED0}.Release|x86.ActiveCfg = Release|Any CPU
		{EB21EFA7-F53C-4639-8C18-68623E40EED0}.Release|x86.Build.0 = Release|Any CPU
		{06E23A7D-CE24-41A1-931E-C2EAB410B005}.Debug|Any CPU.ActiveCfg = Debug|Any CPU
		{06E23A7D-CE24-41A1-931E-C2EAB410B005}.Debug|Any CPU.Build.0 = Debug|Any CPU
		{06E23A7D-CE24-41A1-931E-C2EAB410B005}.Debug|x64.ActiveCfg = Debug|Any CPU
		{06E23A7D-CE24-41A1-931E-C2EAB410B005}.Debug|x64.Build.0 = Debug|Any CPU
		{06E23A7D-CE24-41A1-931E-C2EAB410B005}.Debug|x86.ActiveCfg = Debug|Any CPU
		{06E23A7D-CE24-41A1-931E-C2EAB410B005}.Debug|x86.Build.0 = Debug|Any CPU
		{06E23A7D-CE24-41A1-931E-C2EAB410B005}.Release|Any CPU.ActiveCfg = Release|Any CPU
		{06E23A7D-CE24-41A1-931E-C2EAB410B005}.Release|Any CPU.Build.0 = Release|Any CPU
		{06E23A7D-CE24-41A1-931E-C2EAB410B005}.Release|x64.ActiveCfg = Release|Any CPU
		{06E23A7D-CE24-41A1-931E-C2EAB410B005}.Release|x64.Build.0 = Release|Any CPU
		{06E23A7D-CE24-41A1-931E-C2EAB410B005}.Release|x86.ActiveCfg = Release|Any CPU
		{06E23A7D-CE24-41A1-931E-C2EAB410B005}.Release|x86.Build.0 = Release|Any CPU
		{058809FA-C323-4F29-9CFA-6CD3658A6D5D}.Debug|Any CPU.ActiveCfg = Debug|Any CPU
		{058809FA-C323-4F29-9CFA-6CD3658A6D5D}.Debug|Any CPU.Build.0 = Debug|Any CPU
		{058809FA-C323-4F29-9CFA-6CD3658A6D5D}.Debug|x64.ActiveCfg = Debug|Any CPU
		{058809FA-C323-4F29-9CFA-6CD3658A6D5D}.Debug|x64.Build.0 = Debug|Any CPU
		{058809FA-C323-4F29-9CFA-6CD3658A6D5D}.Debug|x86.ActiveCfg = Debug|Any CPU
		{058809FA-C323-4F29-9CFA-6CD3658A6D5D}.Debug|x86.Build.0 = Debug|Any CPU
		{058809FA-C323-4F29-9CFA-6CD3658A6D5D}.Release|Any CPU.ActiveCfg = Release|Any CPU
		{058809FA-C323-4F29-9CFA-6CD3658A6D5D}.Release|Any CPU.Build.0 = Release|Any CPU
		{058809FA-C323-4F29-9CFA-6CD3658A6D5D}.Release|x64.ActiveCfg = Release|Any CPU
		{058809FA-C323-4F29-9CFA-6CD3658A6D5D}.Release|x64.Build.0 = Release|Any CPU
		{058809FA-C323-4F29-9CFA-6CD3658A6D5D}.Release|x86.ActiveCfg = Release|Any CPU
		{058809FA-C323-4F29-9CFA-6CD3658A6D5D}.Release|x86.Build.0 = Release|Any CPU
		{9405B345-7485-47C6-88DB-F46C82B50909}.Debug|Any CPU.ActiveCfg = Debug|Any CPU
		{9405B345-7485-47C6-88DB-F46C82B50909}.Debug|Any CPU.Build.0 = Debug|Any CPU
		{9405B345-7485-47C6-88DB-F46C82B50909}.Debug|x64.ActiveCfg = Debug|Any CPU
		{9405B345-7485-47C6-88DB-F46C82B50909}.Debug|x64.Build.0 = Debug|Any CPU
		{9405B345-7485-47C6-88DB-F46C82B50909}.Debug|x86.ActiveCfg = Debug|Any CPU
		{9405B345-7485-47C6-88DB-F46C82B50909}.Debug|x86.Build.0 = Debug|Any CPU
		{9405B345-7485-47C6-88DB-F46C82B50909}.Release|Any CPU.ActiveCfg = Release|Any CPU
		{9405B345-7485-47C6-88DB-F46C82B50909}.Release|Any CPU.Build.0 = Release|Any CPU
		{9405B345-7485-47C6-88DB-F46C82B50909}.Release|x64.ActiveCfg = Release|Any CPU
		{9405B345-7485-47C6-88DB-F46C82B50909}.Release|x64.Build.0 = Release|Any CPU
		{9405B345-7485-47C6-88DB-F46C82B50909}.Release|x86.ActiveCfg = Release|Any CPU
		{9405B345-7485-47C6-88DB-F46C82B50909}.Release|x86.Build.0 = Release|Any CPU
		{892299AE-EED3-4C5A-B004-3E246EC8CB8C}.Debug|Any CPU.ActiveCfg = Debug|Any CPU
		{892299AE-EED3-4C5A-B004-3E246EC8CB8C}.Debug|Any CPU.Build.0 = Debug|Any CPU
		{892299AE-EED3-4C5A-B004-3E246EC8CB8C}.Debug|x64.ActiveCfg = Debug|Any CPU
		{892299AE-EED3-4C5A-B004-3E246EC8CB8C}.Debug|x64.Build.0 = Debug|Any CPU
		{892299AE-EED3-4C5A-B004-3E246EC8CB8C}.Debug|x86.ActiveCfg = Debug|Any CPU
		{892299AE-EED3-4C5A-B004-3E246EC8CB8C}.Debug|x86.Build.0 = Debug|Any CPU
		{892299AE-EED3-4C5A-B004-3E246EC8CB8C}.Release|Any CPU.ActiveCfg = Release|Any CPU
		{892299AE-EED3-4C5A-B004-3E246EC8CB8C}.Release|Any CPU.Build.0 = Release|Any CPU
		{892299AE-EED3-4C5A-B004-3E246EC8CB8C}.Release|x64.ActiveCfg = Release|Any CPU
		{892299AE-EED3-4C5A-B004-3E246EC8CB8C}.Release|x64.Build.0 = Release|Any CPU
		{892299AE-EED3-4C5A-B004-3E246EC8CB8C}.Release|x86.ActiveCfg = Release|Any CPU
		{892299AE-EED3-4C5A-B004-3E246EC8CB8C}.Release|x86.Build.0 = Release|Any CPU
		{76D19490-E6A4-4971-825B-E6D4026AB4A0}.Debug|Any CPU.ActiveCfg = Debug|Any CPU
		{76D19490-E6A4-4971-825B-E6D4026AB4A0}.Debug|Any CPU.Build.0 = Debug|Any CPU
		{76D19490-E6A4-4971-825B-E6D4026AB4A0}.Debug|x64.ActiveCfg = Debug|Any CPU
		{76D19490-E6A4-4971-825B-E6D4026AB4A0}.Debug|x64.Build.0 = Debug|Any CPU
		{76D19490-E6A4-4971-825B-E6D4026AB4A0}.Debug|x86.ActiveCfg = Debug|Any CPU
		{76D19490-E6A4-4971-825B-E6D4026AB4A0}.Debug|x86.Build.0 = Debug|Any CPU
		{76D19490-E6A4-4971-825B-E6D4026AB4A0}.Release|Any CPU.ActiveCfg = Release|Any CPU
		{76D19490-E6A4-4971-825B-E6D4026AB4A0}.Release|Any CPU.Build.0 = Release|Any CPU
		{76D19490-E6A4-4971-825B-E6D4026AB4A0}.Release|x64.ActiveCfg = Release|Any CPU
		{76D19490-E6A4-4971-825B-E6D4026AB4A0}.Release|x64.Build.0 = Release|Any CPU
		{76D19490-E6A4-4971-825B-E6D4026AB4A0}.Release|x86.ActiveCfg = Release|Any CPU
		{76D19490-E6A4-4971-825B-E6D4026AB4A0}.Release|x86.Build.0 = Release|Any CPU
	EndGlobalSection
	GlobalSection(NestedProjects) = preSolution
		{E725CF43-346C-41B3-9ABD-EE297EBFB041} = {883F8849-340A-46BC-B9AD-A9FEF5BC7E5E}
		{81C66F3D-8226-4709-8553-24A831D34E05} = {883F8849-340A-46BC-B9AD-A9FEF5BC7E5E}
		{463DF7B7-6145-4805-8ABF-A1B2DE9D9356} = {81C66F3D-8226-4709-8553-24A831D34E05}
		{D6929180-10F9-4E3A-861D-BA1EFF735D5B} = {463DF7B7-6145-4805-8ABF-A1B2DE9D9356}
		{C655EBDC-474A-49FB-A0B3-7D14BFE9EA97} = {463DF7B7-6145-4805-8ABF-A1B2DE9D9356}
		{D5EBD428-15A7-437A-A14E-15632D80D17D} = {81C66F3D-8226-4709-8553-24A831D34E05}
		{6B1E4C63-E3AF-455C-AFDD-3BB3B1F7825D} = {D5EBD428-15A7-437A-A14E-15632D80D17D}
		{EB21EFA7-F53C-4639-8C18-68623E40EED0} = {D5EBD428-15A7-437A-A14E-15632D80D17D}
		{06E23A7D-CE24-41A1-931E-C2EAB410B005} = {81C66F3D-8226-4709-8553-24A831D34E05}
		{1725A4E3-5A3A-4B73-AC66-E4A8477ECE8A} = {81C66F3D-8226-4709-8553-24A831D34E05}
		{058809FA-C323-4F29-9CFA-6CD3658A6D5D} = {1725A4E3-5A3A-4B73-AC66-E4A8477ECE8A}
		{9405B345-7485-47C6-88DB-F46C82B50909} = {1725A4E3-5A3A-4B73-AC66-E4A8477ECE8A}
		{74D7D76B-6940-4C85-A3AB-9505FE3B895E} = {81C66F3D-8226-4709-8553-24A831D34E05}
		{892299AE-EED3-4C5A-B004-3E246EC8CB8C} = {74D7D76B-6940-4C85-A3AB-9505FE3B895E}
		{76D19490-E6A4-4971-825B-E6D4026AB4A0} = {74D7D76B-6940-4C85-A3AB-9505FE3B895E}
	EndGlobalSection
EndGlobal
