
Microsoft Visual Studio Solution File, Format Version 12.00
# Visual Studio Version 17
VisualStudioVersion = 17.5.002.0
MinimumVisualStudioVersion = 10.0.40219.1
Project("{2150E333-8FDC-42A3-9474-1A3956D46DE8}") = "src", "src", "{C37DB528-905F-4370-8D23-F46539D1985A}"
EndProject
Project("{9A19103F-16F7-4668-BE54-9A1E7A4F7556}") = "ApiGateway", "src\ApiGateway\ApiGateway.csproj", "{B018CE72-461C-4968-B61A-E11D1EB228C0}"
EndProject
Project("{9A19103F-16F7-4668-BE54-9A1E7A4F7556}") = "GameShop.Common", "src\Common\GameShop.Common.csproj", "{5DD93970-1A4B-4DFE-8882-95871E692258}"
EndProject
Project("{2150E333-8FDC-42A3-9474-1A3956D46DE8}") = "Microservices", "Microservices", "{6F49B1F9-7214-4129-A2D0-DB824CA992CA}"
EndProject
Project("{2150E333-8FDC-42A3-9474-1A3956D46DE8}") = "GameShop.Cart", "GameShop.Cart", "{7F5A3222-BC33-47FD-854E-801145E42251}"
EndProject
Project("{9A19103F-16F7-4668-BE54-9A1E7A4F7556}") = "GameShop.Cart.Contract", "src\Microservices\GameShop.Cart\GameShop.Cart.Contract\GameShop.Cart.Contract.csproj", "{367F7B42-20E6-4543-8CD6-FB2F22ABC4CA}"
EndProject
Project("{9A19103F-16F7-4668-BE54-9A1E7A4F7556}") = "GameShop.Cart.Service", "src\Microservices\GameShop.Cart\GameShop.Cart.Service\GameShop.Cart.Service.csproj", "{BBF8C4EE-D671-43C3-8000-8C013F478D31}"
EndProject
Project("{2150E333-8FDC-42A3-9474-1A3956D46DE8}") = "GameShop.Catalog", "GameShop.Catalog", "{CFD3BA3B-1613-4940-9764-D5BB2522B135}"
EndProject
Project("{9A19103F-16F7-4668-BE54-9A1E7A4F7556}") = "GameShop.Catalog.Contract", "src\Microservices\GameShop.Catalog\GameShop.Catalog.Contract\GameShop.Catalog.Contract.csproj", "{59076215-62A1-4897-BBD5-039FEED5B9CE}"
EndProject
Project("{9A19103F-16F7-4668-BE54-9A1E7A4F7556}") = "GameShop.Catalog.Service", "src\Microservices\GameShop.Catalog\GameShop.Catalog.Service\GameShop.Catalog.Service.csproj", "{1B6EABF3-7D54-48EE-9BA8-ED728029BAA6}"
EndProject
Project("{2150E333-8FDC-42A3-9474-1A3956D46DE8}") = "GameShop.Order", "GameShop.Order", "{3EF9E4F8-101F-436A-9B56-0298DB12FE50}"
EndProject
Project("{9A19103F-16F7-4668-BE54-9A1E7A4F7556}") = "GameShop.Order.Contract", "src\Microservices\GameShop.Order\GameShop.Order.Contract\GameShop.Order.Contract.csproj", "{C6C4353D-4F68-46F9-93F2-617118C547F2}"
EndProject
Project("{9A19103F-16F7-4668-BE54-9A1E7A4F7556}") = "GameShop.Order.Service", "src\Microservices\GameShop.Order\GameShop.Order.Service\GameShop.Order.Service.csproj", "{A121498E-7685-4C6C-AA0C-602B77DCD132}"
EndProject
Project("{2150E333-8FDC-42A3-9474-1A3956D46DE8}") = "GameShop.User", "GameShop.User", "{C975E2AD-3AFE-4781-A76E-01378BB54591}"
EndProject
Project("{9A19103F-16F7-4668-BE54-9A1E7A4F7556}") = "GameShop.User.Contract", "src\Microservices\GameShop.User\GameShop.User.Contract\GameShop.User.Contract.csproj", "{26C09179-2F95-48F7-9821-BBBAAE58DAEC}"
EndProject
Project("{9A19103F-16F7-4668-BE54-9A1E7A4F7556}") = "GameShop.User.Service", "src\Microservices\GameShop.User\GameShop.User.Service\GameShop.User.Service.csproj", "{6DC8AF0B-A631-418C-955B-F58C497D2D65}"
EndProject
Global
	GlobalSection(SolutionConfigurationPlatforms) = preSolution
		Debug|Any CPU = Debug|Any CPU
		Release|Any CPU = Release|Any CPU
	EndGlobalSection
	GlobalSection(ProjectConfigurationPlatforms) = postSolution
		{B018CE72-461C-4968-B61A-E11D1EB228C0}.Debug|Any CPU.ActiveCfg = Debug|Any CPU
		{B018CE72-461C-4968-B61A-E11D1EB228C0}.Debug|Any CPU.Build.0 = Debug|Any CPU
		{B018CE72-461C-4968-B61A-E11D1EB228C0}.Release|Any CPU.ActiveCfg = Release|Any CPU
		{B018CE72-461C-4968-B61A-E11D1EB228C0}.Release|Any CPU.Build.0 = Release|Any CPU
		{5DD93970-1A4B-4DFE-8882-95871E692258}.Debug|Any CPU.ActiveCfg = Debug|Any CPU
		{5DD93970-1A4B-4DFE-8882-95871E692258}.Debug|Any CPU.Build.0 = Debug|Any CPU
		{5DD93970-1A4B-4DFE-8882-95871E692258}.Release|Any CPU.ActiveCfg = Release|Any CPU
		{5DD93970-1A4B-4DFE-8882-95871E692258}.Release|Any CPU.Build.0 = Release|Any CPU
		{367F7B42-20E6-4543-8CD6-FB2F22ABC4CA}.Debug|Any CPU.ActiveCfg = Debug|Any CPU
		{367F7B42-20E6-4543-8CD6-FB2F22ABC4CA}.Debug|Any CPU.Build.0 = Debug|Any CPU
		{367F7B42-20E6-4543-8CD6-FB2F22ABC4CA}.Release|Any CPU.ActiveCfg = Release|Any CPU
		{367F7B42-20E6-4543-8CD6-FB2F22ABC4CA}.Release|Any CPU.Build.0 = Release|Any CPU
		{BBF8C4EE-D671-43C3-8000-8C013F478D31}.Debug|Any CPU.ActiveCfg = Debug|Any CPU
		{BBF8C4EE-D671-43C3-8000-8C013F478D31}.Debug|Any CPU.Build.0 = Debug|Any CPU
		{BBF8C4EE-D671-43C3-8000-8C013F478D31}.Release|Any CPU.ActiveCfg = Release|Any CPU
		{BBF8C4EE-D671-43C3-8000-8C013F478D31}.Release|Any CPU.Build.0 = Release|Any CPU
		{59076215-62A1-4897-BBD5-039FEED5B9CE}.Debug|Any CPU.ActiveCfg = Debug|Any CPU
		{59076215-62A1-4897-BBD5-039FEED5B9CE}.Debug|Any CPU.Build.0 = Debug|Any CPU
		{59076215-62A1-4897-BBD5-039FEED5B9CE}.Release|Any CPU.ActiveCfg = Release|Any CPU
		{59076215-62A1-4897-BBD5-039FEED5B9CE}.Release|Any CPU.Build.0 = Release|Any CPU
		{1B6EABF3-7D54-48EE-9BA8-ED728029BAA6}.Debug|Any CPU.ActiveCfg = Debug|Any CPU
		{1B6EABF3-7D54-48EE-9BA8-ED728029BAA6}.Debug|Any CPU.Build.0 = Debug|Any CPU
		{1B6EABF3-7D54-48EE-9BA8-ED728029BAA6}.Release|Any CPU.ActiveCfg = Release|Any CPU
		{1B6EABF3-7D54-48EE-9BA8-ED728029BAA6}.Release|Any CPU.Build.0 = Release|Any CPU
		{C6C4353D-4F68-46F9-93F2-617118C547F2}.Debug|Any CPU.ActiveCfg = Debug|Any CPU
		{C6C4353D-4F68-46F9-93F2-617118C547F2}.Debug|Any CPU.Build.0 = Debug|Any CPU
		{C6C4353D-4F68-46F9-93F2-617118C547F2}.Release|Any CPU.ActiveCfg = Release|Any CPU
		{C6C4353D-4F68-46F9-93F2-617118C547F2}.Release|Any CPU.Build.0 = Release|Any CPU
		{A121498E-7685-4C6C-AA0C-602B77DCD132}.Debug|Any CPU.ActiveCfg = Debug|Any CPU
		{A121498E-7685-4C6C-AA0C-602B77DCD132}.Debug|Any CPU.Build.0 = Debug|Any CPU
		{A121498E-7685-4C6C-AA0C-602B77DCD132}.Release|Any CPU.ActiveCfg = Release|Any CPU
		{A121498E-7685-4C6C-AA0C-602B77DCD132}.Release|Any CPU.Build.0 = Release|Any CPU
		{26C09179-2F95-48F7-9821-BBBAAE58DAEC}.Debug|Any CPU.ActiveCfg = Debug|Any CPU
		{26C09179-2F95-48F7-9821-BBBAAE58DAEC}.Debug|Any CPU.Build.0 = Debug|Any CPU
		{26C09179-2F95-48F7-9821-BBBAAE58DAEC}.Release|Any CPU.ActiveCfg = Release|Any CPU
		{26C09179-2F95-48F7-9821-BBBAAE58DAEC}.Release|Any CPU.Build.0 = Release|Any CPU
		{6DC8AF0B-A631-418C-955B-F58C497D2D65}.Debug|Any CPU.ActiveCfg = Debug|Any CPU
		{6DC8AF0B-A631-418C-955B-F58C497D2D65}.Debug|Any CPU.Build.0 = Debug|Any CPU
		{6DC8AF0B-A631-418C-955B-F58C497D2D65}.Release|Any CPU.ActiveCfg = Release|Any CPU
		{6DC8AF0B-A631-418C-955B-F58C497D2D65}.Release|Any CPU.Build.0 = Release|Any CPU
	EndGlobalSection
	GlobalSection(SolutionProperties) = preSolution
		HideSolutionNode = FALSE
	EndGlobalSection
	GlobalSection(NestedProjects) = preSolution
		{B018CE72-461C-4968-B61A-E11D1EB228C0} = {C37DB528-905F-4370-8D23-F46539D1985A}
		{5DD93970-1A4B-4DFE-8882-95871E692258} = {C37DB528-905F-4370-8D23-F46539D1985A}
		{6F49B1F9-7214-4129-A2D0-DB824CA992CA} = {C37DB528-905F-4370-8D23-F46539D1985A}
		{7F5A3222-BC33-47FD-854E-801145E42251} = {6F49B1F9-7214-4129-A2D0-DB824CA992CA}
		{367F7B42-20E6-4543-8CD6-FB2F22ABC4CA} = {7F5A3222-BC33-47FD-854E-801145E42251}
		{BBF8C4EE-D671-43C3-8000-8C013F478D31} = {7F5A3222-BC33-47FD-854E-801145E42251}
		{CFD3BA3B-1613-4940-9764-D5BB2522B135} = {6F49B1F9-7214-4129-A2D0-DB824CA992CA}
		{59076215-62A1-4897-BBD5-039FEED5B9CE} = {CFD3BA3B-1613-4940-9764-D5BB2522B135}
		{1B6EABF3-7D54-48EE-9BA8-ED728029BAA6} = {CFD3BA3B-1613-4940-9764-D5BB2522B135}
		{3EF9E4F8-101F-436A-9B56-0298DB12FE50} = {6F49B1F9-7214-4129-A2D0-DB824CA992CA}
		{C6C4353D-4F68-46F9-93F2-617118C547F2} = {3EF9E4F8-101F-436A-9B56-0298DB12FE50}
		{A121498E-7685-4C6C-AA0C-602B77DCD132} = {3EF9E4F8-101F-436A-9B56-0298DB12FE50}
		{C975E2AD-3AFE-4781-A76E-01378BB54591} = {6F49B1F9-7214-4129-A2D0-DB824CA992CA}
		{26C09179-2F95-48F7-9821-BBBAAE58DAEC} = {C975E2AD-3AFE-4781-A76E-01378BB54591}
		{6DC8AF0B-A631-418C-955B-F58C497D2D65} = {C975E2AD-3AFE-4781-A76E-01378BB54591}
	EndGlobalSection
	GlobalSection(ExtensibilityGlobals) = postSolution
		SolutionGuid = {8AEF1471-06C9-4FD0-B125-65D30DC66F81}
	EndGlobalSection
EndGlobal
